<Solution>
  <Folder Name="/Solution Items/">
    <File Path=".dockerignore" />
    <File Path=".editorconfig" />
    <File Path=".gitattributes" />
    <File Path=".gitignore" />
    <File Path="LICENSE" />
    <File Path="README.md" />
  </Folder>
  <Project Path="src/PokeGame.Core/PokeGame.Core.csproj" />
  <Project Path="src/PokeGame.Infrastructure/PokeGame.Infrastructure.csproj" Id="7e13d459-2d7a-44db-beea-fa67b4ed19d7" />
</Solution>
